// !$*UTF8*$!
{
	archiveVersion = 1;
	classes = {
	};
	objectVersion = 46;
	objects = {

/* Begin PBXBuildFile section */
		843616551C5027BE00EA1189 /* main.m in Sources */ = {isa = PBXBuildFile; fileRef = 843616541C5027BE00EA1189 /* main.m */; };
		843616581C5027BE00EA1189 /* AppDelegate.m in Sources */ = {isa = PBXBuildFile; fileRef = 843616571C5027BE00EA1189 /* AppDelegate.m */; };
		8436165B1C5027BE00EA1189 /* ViewController.m in Sources */ = {isa = PBXBuildFile; fileRef = 8436165A1C5027BE00EA1189 /* ViewController.m */; };
		8436165E1C5027BE00EA1189 /* Main.storyboard in Resources */ = {isa = PBXBuildFile; fileRef = 8436165C1C5027BE00EA1189 /* Main.storyboard */; };
		843616601C5027BE00EA1189 /* Assets.xcassets in Resources */ = {isa = PBXBuildFile; fileRef = 8436165F1C5027BE00EA1189 /* Assets.xcassets */; };
		8436166E1C5027BE00EA1189 /* iOSTestAppTests.m in Sources */ = {isa = PBXBuildFile; fileRef = 8436166D1C5027BE00EA1189 /* iOSTestAppTests.m */; };
		843616791C5027BE00EA1189 /* iOSTestAppUITests.m in Sources */ = {isa = PBXBuildFile; fileRef = 843616781C5027BE00EA1189 /* iOSTestAppUITests.m */; };
/* End PBXBuildFile section */

/* Begin PBXContainerItemProxy section */
		8436166A1C5027BE00EA1189 /* PBXContainerItemProxy */ = {
			isa = PBXContainerItemProxy;
			containerPortal = 843616481C5027BE00EA1189 /* Project object */;
			proxyType = 1;
			remoteGlobalIDString = 8436164F1C5027BE00EA1189;
			remoteInfo = iOSTestApp;
		};
		843616751C5027BE00EA1189 /* PBXContainerItemProxy */ = {
			isa = PBXContainerItemProxy;
			containerPortal = 843616481C5027BE00EA1189 /* Project object */;
			proxyType = 1;
			remoteGlobalIDString = 8436164F1C5027BE00EA1189;
			remoteInfo = iOSTestApp;
		};
/* End PBXContainerItemProxy section */

/* Begin PBXFileReference section */
		843616501C5027BE00EA1189 /* iOSTestApp.app */ = {isa = PBXFileReference; explicitFileType = wrapper.application; includeInIndex = 0; path = iOSTestApp.app; sourceTree = BUILT_PRODUCTS_DIR; };
		843616541C5027BE00EA1189 /* main.m */ = {isa = PBXFileReference; lastKnownFileType = sourcecode.c.objc; path = main.m; sourceTree = "<group>"; };
		843616561C5027BE00EA1189 /* AppDelegate.h */ = {isa = PBXFileReference; lastKnownFileType = sourcecode.c.h; path = AppDelegate.h; sourceTree = "<group>"; };
		843616571C5027BE00EA1189 /* AppDelegate.m */ = {isa = PBXFileReference; lastKnownFileType = sourcecode.c.objc; path = AppDelegate.m; sourceTree = "<group>"; };
		843616591C5027BE00EA1189 /* ViewController.h */ = {isa = PBXFileReference; lastKnownFileType = sourcecode.c.h; path = ViewController.h; sourceTree = "<group>"; };
		8436165A1C5027BE00EA1189 /* ViewController.m */ = {isa = PBXFileReference; lastKnownFileType = sourcecode.c.objc; path = ViewController.m; sourceTree = "<group>"; };
		8436165D1C5027BE00EA1189 /* Base */ = {isa = PBXFileReference; lastKnownFileType = file.storyboard; name = Base; path = Base.lproj/Main.storyboard; sourceTree = "<group>"; };
		8436165F1C5027BE00EA1189 /* Assets.xcassets */ = {isa = PBXFileReference; lastKnownFileType = folder.assetcatalog; path = Assets.xcassets; sourceTree = "<group>"; };
		843616641C5027BE00EA1189 /* Info.plist */ = {isa = PBXFileReference; lastKnownFileType = text.plist.xml; path = Info.plist; sourceTree = "<group>"; };
		843616691C5027BE00EA1189 /* iOSTestAppTests.xctest */ = {isa = PBXFileReference; explicitFileType = wrapper.cfbundle; includeInIndex = 0; path = iOSTestAppTests.xctest; sourceTree = BUILT_PRODUCTS_DIR; };
		8436166D1C5027BE00EA1189 /* iOSTestAppTests.m */ = {isa = PBXFileReference; lastKnownFileType = sourcecode.c.objc; path = iOSTestAppTests.m; sourceTree = "<group>"; };
		8436166F1C5027BE00EA1189 /* Info.plist */ = {isa = PBXFileReference; lastKnownFileType = text.plist.xml; path = Info.plist; sourceTree = "<group>"; };
		843616741C5027BE00EA1189 /* iOSTestAppUITests.xctest */ = {isa = PBXFileReference; explicitFileType = wrapper.cfbundle; includeInIndex = 0; path = iOSTestAppUITests.xctest; sourceTree = BUILT_PRODUCTS_DIR; };
		843616781C5027BE00EA1189 /* iOSTestAppUITests.m */ = {isa = PBXFileReference; lastKnownFileType = sourcecode.c.objc; path = iOSTestAppUITests.m; sourceTree = "<group>"; };
		8436167A1C5027BE00EA1189 /* Info.plist */ = {isa = PBXFileReference; lastKnownFileType = text.plist.xml; path = Info.plist; sourceTree = "<group>"; };
/* End PBXFileReference section */

/* Begin PBXFrameworksBuildPhase section */
		8436164D1C5027BE00EA1189 /* Frameworks */ = {
			isa = PBXFrameworksBuildPhase;
			buildActionMask = 2147483647;
			files = (
			);
			runOnlyForDeploymentPostprocessing = 0;
		};
		843616661C5027BE00EA1189 /* Frameworks */ = {
			isa = PBXFrameworksBuildPhase;
			buildActionMask = 2147483647;
			files = (
			);
			runOnlyForDeploymentPostprocessing = 0;
		};
		843616711C5027BE00EA1189 /* Frameworks */ = {
			isa = PBXFrameworksBuildPhase;
			buildActionMask = 2147483647;
			files = (
			);
			runOnlyForDeploymentPostprocessing = 0;
		};
/* End PBXFrameworksBuildPhase section */

/* Begin PBXGroup section */
		843616471C5027BE00EA1189 = {
			isa = PBXGroup;
			children = (
				843616521C5027BE00EA1189 /* iOSTestApp */,
				8436166C1C5027BE00EA1189 /* iOSTestAppTests */,
				843616771C5027BE00EA1189 /* iOSTestAppUITests */,
				843616511C5027BE00EA1189 /* Products */,
			);
			sourceTree = "<group>";
		};
		843616511C5027BE00EA1189 /* Products */ = {
			isa = PBXGroup;
			children = (
				843616501C5027BE00EA1189 /* iOSTestApp.app */,
				843616691C5027BE00EA1189 /* iOSTestAppTests.xctest */,
				843616741C5027BE00EA1189 /* iOSTestAppUITests.xctest */,
			);
			name = Products;
			sourceTree = "<group>";
		};
		843616521C5027BE00EA1189 /* iOSTestApp */ = {
			isa = PBXGroup;
			children = (
				843616561C5027BE00EA1189 /* AppDelegate.h */,
				843616571C5027BE00EA1189 /* AppDelegate.m */,
				843616591C5027BE00EA1189 /* ViewController.h */,
				8436165A1C5027BE00EA1189 /* ViewController.m */,
				8436165C1C5027BE00EA1189 /* Main.storyboard */,
				8436165F1C5027BE00EA1189 /* Assets.xcassets */,
				843616641C5027BE00EA1189 /* Info.plist */,
				843616531C5027BE00EA1189 /* Supporting Files */,
			);
			path = iOSTestApp;
			sourceTree = "<group>";
		};
		843616531C5027BE00EA1189 /* Supporting Files */ = {
			isa = PBXGroup;
			children = (
				843616541C5027BE00EA1189 /* main.m */,
			);
			name = "Supporting Files";
			sourceTree = "<group>";
		};
		8436166C1C5027BE00EA1189 /* iOSTestAppTests */ = {
			isa = PBXGroup;
			children = (
				8436166D1C5027BE00EA1189 /* iOSTestAppTests.m */,
				8436166F1C5027BE00EA1189 /* Info.plist */,
			);
			path = iOSTestAppTests;
			sourceTree = "<group>";
		};
		843616771C5027BE00EA1189 /* iOSTestAppUITests */ = {
			isa = PBXGroup;
			children = (
				843616781C5027BE00EA1189 /* iOSTestAppUITests.m */,
				8436167A1C5027BE00EA1189 /* Info.plist */,
			);
			path = iOSTestAppUITests;
			sourceTree = "<group>";
		};
/* End PBXGroup section */

/* Begin PBXNativeTarget section */
		8436164F1C5027BE00EA1189 /* iOSTestApp */ = {
			isa = PBXNativeTarget;
			buildConfigurationList = 8436167D1C5027BE00EA1189 /* Build configuration list for PBXNativeTarget "iOSTestApp" */;
			buildPhases = (
				8436164C1C5027BE00EA1189 /* Sources */,
				8436164D1C5027BE00EA1189 /* Frameworks */,
				8436164E1C5027BE00EA1189 /* Resources */,
			);
			buildRules = (
			);
			dependencies = (
			);
			name = iOSTestApp;
			productName = iOSTestApp;
			productReference = 843616501C5027BE00EA1189 /* iOSTestApp.app */;
			productType = "com.apple.product-type.application";
		};
		843616681C5027BE00EA1189 /* iOSTestAppTests */ = {
			isa = PBXNativeTarget;
			buildConfigurationList = 843616801C5027BE00EA1189 /* Build configuration list for PBXNativeTarget "iOSTestAppTests" */;
			buildPhases = (
				843616651C5027BE00EA1189 /* Sources */,
				843616661C5027BE00EA1189 /* Frameworks */,
				843616671C5027BE00EA1189 /* Resources */,
			);
			buildRules = (
			);
			dependencies = (
				8436166B1C5027BE00EA1189 /* PBXTargetDependency */,
			);
			name = iOSTestAppTests;
			productName = iOSTestAppTests;
			productReference = 843616691C5027BE00EA1189 /* iOSTestAppTests.xctest */;
			productType = "com.apple.product-type.bundle.unit-test";
		};
		843616731C5027BE00EA1189 /* iOSTestAppUITests */ = {
			isa = PBXNativeTarget;
			buildConfigurationList = 843616831C5027BE00EA1189 /* Build configuration list for PBXNativeTarget "iOSTestAppUITests" */;
			buildPhases = (
				843616701C5027BE00EA1189 /* Sources */,
				843616711C5027BE00EA1189 /* Frameworks */,
				843616721C5027BE00EA1189 /* Resources */,
			);
			buildRules = (
			);
			dependencies = (
				843616761C5027BE00EA1189 /* PBXTargetDependency */,
			);
			name = iOSTestAppUITests;
			productName = iOSTestAppUITests;
			productReference = 843616741C5027BE00EA1189 /* iOSTestAppUITests.xctest */;
			productType = "com.apple.product-type.bundle.ui-testing";
		};
/* End PBXNativeTarget section */

/* Begin PBXProject section */
		843616481C5027BE00EA1189 /* Project object */ = {
			isa = PBXProject;
			attributes = {
				KnownAssetTags = (
					ODR_Vader,
					Vader,
				);
				LastUpgradeCheck = 0800;
				ORGANIZATIONNAME = Apple;
				TargetAttributes = {
					8436164F1C5027BE00EA1189 = {
						CreatedOnToolsVersion = 7.2;
						DevelopmentTeam = YWUF673WWP;
						ProvisioningStyle = Automatic;
					};
					843616681C5027BE00EA1189 = {
						CreatedOnToolsVersion = 7.2;
						TestTargetID = 8436164F1C5027BE00EA1189;
					};
					843616731C5027BE00EA1189 = {
						CreatedOnToolsVersion = 7.2;
						TestTargetID = 8436164F1C5027BE00EA1189;
					};
				};
			};
			buildConfigurationList = 8436164B1C5027BE00EA1189 /* Build configuration list for PBXProject "iOSTestApp" */;
			compatibilityVersion = "Xcode 3.2";
			developmentRegion = English;
			hasScannedForEncodings = 0;
			knownRegions = (
				English,
				en,
				Base,
			);
			mainGroup = 843616471C5027BE00EA1189;
			productRefGroup = 843616511C5027BE00EA1189 /* Products */;
			projectDirPath = "";
			projectRoot = "";
			targets = (
				8436164F1C5027BE00EA1189 /* iOSTestApp */,
				843616681C5027BE00EA1189 /* iOSTestAppTests */,
				843616731C5027BE00EA1189 /* iOSTestAppUITests */,
			);
		};
/* End PBXProject section */

/* Begin PBXResourcesBuildPhase section */
		8436164E1C5027BE00EA1189 /* Resources */ = {
			isa = PBXResourcesBuildPhase;
			buildActionMask = 2147483647;
			files = (
				843616601C5027BE00EA1189 /* Assets.xcassets in Resources */,
				8436165E1C5027BE00EA1189 /* Main.storyboard in Resources */,
			);
			runOnlyForDeploymentPostprocessing = 0;
		};
		843616671C5027BE00EA1189 /* Resources */ = {
			isa = PBXResourcesBuildPhase;
			buildActionMask = 2147483647;
			files = (
			);
			runOnlyForDeploymentPostprocessing = 0;
		};
		843616721C5027BE00EA1189 /* Resources */ = {
			isa = PBXResourcesBuildPhase;
			buildActionMask = 2147483647;
			files = (
			);
			runOnlyForDeploymentPostprocessing = 0;
		};
/* End PBXResourcesBuildPhase section */

/* Begin PBXSourcesBuildPhase section */
		8436164C1C5027BE00EA1189 /* Sources */ = {
			isa = PBXSourcesBuildPhase;
			buildActionMask = 2147483647;
			files = (
				8436165B1C5027BE00EA1189 /* ViewController.m in Sources */,
				843616581C5027BE00EA1189 /* AppDelegate.m in Sources */,
				843616551C5027BE00EA1189 /* main.m in Sources */,
			);
			runOnlyForDeploymentPostprocessing = 0;
		};
		843616651C5027BE00EA1189 /* Sources */ = {
			isa = PBXSourcesBuildPhase;
			buildActionMask = 2147483647;
			files = (
				8436166E1C5027BE00EA1189 /* iOSTestAppTests.m in Sources */,
			);
			runOnlyForDeploymentPostprocessing = 0;
		};
		843616701C5027BE00EA1189 /* Sources */ = {
			isa = PBXSourcesBuildPhase;
			buildActionMask = 2147483647;
			files = (
				843616791C5027BE00EA1189 /* iOSTestAppUITests.m in Sources */,
			);
			runOnlyForDeploymentPostprocessing = 0;
		};
/* End PBXSourcesBuildPhase section */

/* Begin PBXTargetDependency section */
		8436166B1C5027BE00EA1189 /* PBXTargetDependency */ = {
			isa = PBXTargetDependency;
			target = 8436164F1C5027BE00EA1189 /* iOSTestApp */;
			targetProxy = 8436166A1C5027BE00EA1189 /* PBXContainerItemProxy */;
		};
		843616761C5027BE00EA1189 /* PBXTargetDependency */ = {
			isa = PBXTargetDependency;
			target = 8436164F1C5027BE00EA1189 /* iOSTestApp */;
			targetProxy = 843616751C5027BE00EA1189 /* PBXContainerItemProxy */;
		};
/* End PBXTargetDependency section */

/* Begin PBXVariantGroup section */
		8436165C1C5027BE00EA1189 /* Main.storyboard */ = {
			isa = PBXVariantGroup;
			children = (
				8436165D1C5027BE00EA1189 /* Base */,
			);
			name = Main.storyboard;
			sourceTree = "<group>";
		};
/* End PBXVariantGroup section */

/* Begin XCBuildConfiguration section */
		8436167B1C5027BE00EA1189 /* Debug */ = {
			isa = XCBuildConfiguration;
			buildSettings = {
				ALWAYS_SEARCH_USER_PATHS = NO;
				CLANG_CXX_LANGUAGE_STANDARD = "gnu++0x";
				CLANG_CXX_LIBRARY = "libc++";
				CLANG_ENABLE_MODULES = YES;
				CLANG_ENABLE_OBJC_ARC = YES;
				CLANG_WARN_BOOL_CONVERSION = YES;
				CLANG_WARN_CONSTANT_CONVERSION = YES;
				CLANG_WARN_DIRECT_OBJC_ISA_USAGE = YES_ERROR;
				CLANG_WARN_EMPTY_BODY = YES;
				CLANG_WARN_ENUM_CONVERSION = YES;
				CLANG_WARN_INFINITE_RECURSION = YES;
				CLANG_WARN_INT_CONVERSION = YES;
				CLANG_WARN_OBJC_ROOT_CLASS = YES_ERROR;
				CLANG_WARN_SUSPICIOUS_MOVE = YES;
				CLANG_WARN_UNREACHABLE_CODE = YES;
				CLANG_WARN__DUPLICATE_METHOD_MATCH = YES;
				CODE_SIGN_IDENTITY = "iPhone Developer";
				"CODE_SIGN_IDENTITY[sdk=iphoneos*]" = "iPhone Developer";
				COPY_PHASE_STRIP = NO;
				DEBUG_INFORMATION_FORMAT = dwarf;
				ENABLE_STRICT_OBJC_MSGSEND = YES;
				ENABLE_TESTABILITY = YES;
				GCC_C_LANGUAGE_STANDARD = gnu99;
				GCC_DYNAMIC_NO_PIC = NO;
				GCC_NO_COMMON_BLOCKS = YES;
				GCC_OPTIMIZATION_LEVEL = 0;
				GCC_PREPROCESSOR_DEFINITIONS = (
					"DEBUG=1",
					"$(inherited)",
				);
				GCC_WARN_64_TO_32_BIT_CONVERSION = YES;
				GCC_WARN_ABOUT_RETURN_TYPE = YES_ERROR;
				GCC_WARN_UNDECLARED_SELECTOR = YES;
				GCC_WARN_UNINITIALIZED_AUTOS = YES_AGGRESSIVE;
				GCC_WARN_UNUSED_FUNCTION = YES;
				GCC_WARN_UNUSED_VARIABLE = YES;
				IPHONEOS_DEPLOYMENT_TARGET = 9.2;
				MTL_ENABLE_DEBUG_INFO = YES;
				ONLY_ACTIVE_ARCH = YES;
				SDKROOT = iphoneos;
				TARGETED_DEVICE_FAMILY = "1,2";
			};
			name = Debug;
		};
		8436167C1C5027BE00EA1189 /* Release */ = {
			isa = XCBuildConfiguration;
			buildSettings = {
				ALWAYS_SEARCH_USER_PATHS = NO;
				CLANG_CXX_LANGUAGE_STANDARD = "gnu++0x";
				CLANG_CXX_LIBRARY = "libc++";
				CLANG_ENABLE_MODULES = YES;
				CLANG_ENABLE_OBJC_ARC = YES;
				CLANG_WARN_BOOL_CONVERSION = YES;
				CLANG_WARN_CONSTANT_CONVERSION = YES;
				CLANG_WARN_DIRECT_OBJC_ISA_USAGE = YES_ERROR;
				CLANG_WARN_EMPTY_BODY = YES;
				CLANG_WARN_ENUM_CONVERSION = YES;
				CLANG_WARN_INFINITE_RECURSION = YES;
				CLANG_WARN_INT_CONVERSION = YES;
				CLANG_WARN_OBJC_ROOT_CLASS = YES_ERROR;
				CLANG_WARN_SUSPICIOUS_MOVE = YES;
				CLANG_WARN_UNREACHABLE_CODE = YES;
				CLANG_WARN__DUPLICATE_METHOD_MATCH = YES;
				CODE_SIGN_IDENTITY = "iPhone Developer";
				"CODE_SIGN_IDENTITY[sdk=iphoneos*]" = "iPhone Developer";
				COPY_PHASE_STRIP = NO;
				DEBUG_INFORMATION_FORMAT = "dwarf-with-dsym";
				ENABLE_NS_ASSERTIONS = NO;
				ENABLE_STRICT_OBJC_MSGSEND = YES;
				GCC_C_LANGUAGE_STANDARD = gnu99;
				GCC_NO_COMMON_BLOCKS = YES;
				GCC_WARN_64_TO_32_BIT_CONVERSION = YES;
				GCC_WARN_ABOUT_RETURN_TYPE = YES_ERROR;
				GCC_WARN_UNDECLARED_SELECTOR = YES;
				GCC_WARN_UNINITIALIZED_AUTOS = YES_AGGRESSIVE;
				GCC_WARN_UNUSED_FUNCTION = YES;
				GCC_WARN_UNUSED_VARIABLE = YES;
				IPHONEOS_DEPLOYMENT_TARGET = 9.2;
				MTL_ENABLE_DEBUG_INFO = NO;
				SDKROOT = iphoneos;
				TARGETED_DEVICE_FAMILY = "1,2";
				VALIDATE_PRODUCT = YES;
			};
			name = Release;
		};
		8436167E1C5027BE00EA1189 /* Debug */ = {
			isa = XCBuildConfiguration;
			buildSettings = {
				ASSETCATALOG_COMPILER_APPICON_NAME = AppIcon;
				ASSETCATALOG_COMPILER_LAUNCHIMAGE_NAME = LaunchImage;
				CODE_SIGN_IDENTITY = "iPhone Developer";
				"CODE_SIGN_IDENTITY[sdk=iphoneos*]" = "iPhone Developer";
				CODE_SIGN_STYLE = Automatic;
				CURRENT_PROJECT_VERSION = 100;
				DEVELOPMENT_TEAM = YWUF673WWP;
				ENABLE_BITCODE = YES;
				INFOPLIST_FILE = iOSTestApp/Info.plist;
				IPHONEOS_DEPLOYMENT_TARGET = 9.0;
				LD_RUNPATH_SEARCH_PATHS = "$(inherited) @executable_path/Frameworks";
				MARKETING_VERSION = 2;
				PRODUCT_BUNDLE_IDENTIFIER = com.pramod.orbit1;
				PRODUCT_NAME = "$(TARGET_NAME)";
				PROVISIONING_PROFILE = "";
				PROVISIONING_PROFILE_SPECIFIER = "";
				VALID_ARCHS = arm64;
			};
			name = Debug;
		};
		8436167F1C5027BE00EA1189 /* Release */ = {
			isa = XCBuildConfiguration;
			buildSettings = {
				ASSETCATALOG_COMPILER_APPICON_NAME = AppIcon;
				ASSETCATALOG_COMPILER_LAUNCHIMAGE_NAME = LaunchImage;
				CODE_SIGN_IDENTITY = "iPhone Developer";
				"CODE_SIGN_IDENTITY[sdk=iphoneos*]" = "iPhone Developer";
				CODE_SIGN_STYLE = Automatic;
				CURRENT_PROJECT_VERSION = 100;
				DEVELOPMENT_TEAM = YWUF673WWP;
				ENABLE_BITCODE = YES;
				INFOPLIST_FILE = iOSTestApp/Info.plist;
				IPHONEOS_DEPLOYMENT_TARGET = 9.0;
				LD_RUNPATH_SEARCH_PATHS = "$(inherited) @executable_path/Frameworks";
				MARKETING_VERSION = 2;
				PRODUCT_BUNDLE_IDENTIFIER = com.pramod.orbit1;
				PRODUCT_NAME = "$(TARGET_NAME)";
				PROVISIONING_PROFILE = "";
				PROVISIONING_PROFILE_SPECIFIER = "";
				VALID_ARCHS = arm64;
			};
			name = Release;
		};
		843616811C5027BE00EA1189 /* Debug */ = {
			isa = XCBuildConfiguration;
			buildSettings = {
				BUNDLE_LOADER = "$(TEST_HOST)";
				INFOPLIST_FILE = iOSTestAppTests/Info.plist;
				LD_RUNPATH_SEARCH_PATHS = "$(inherited) @executable_path/Frameworks @loader_path/Frameworks";
				PRODUCT_BUNDLE_IDENTIFIER = com.abedoya.iOSTestAppTests;
				PRODUCT_NAME = "$(TARGET_NAME)";
				TEST_HOST = "$(BUILT_PRODUCTS_DIR)/iOSTestApp.app/iOSTestApp";
			};
			name = Debug;
		};
		843616821C5027BE00EA1189 /* Release */ = {
			isa = XCBuildConfiguration;
			buildSettings = {
				BUNDLE_LOADER = "$(TEST_HOST)";
				INFOPLIST_FILE = iOSTestAppTests/Info.plist;
				LD_RUNPATH_SEARCH_PATHS = "$(inherited) @executable_path/Frameworks @loader_path/Frameworks";
				PRODUCT_BUNDLE_IDENTIFIER = com.abedoya.iOSTestAppTests;
				PRODUCT_NAME = "$(TARGET_NAME)";
				TEST_HOST = "$(BUILT_PRODUCTS_DIR)/iOSTestApp.app/iOSTestApp";
			};
			name = Release;
		};
		843616841C5027BE00EA1189 /* Debug */ = {
			isa = XCBuildConfiguration;
			buildSettings = {
				INFOPLIST_FILE = iOSTestAppUITests/Info.plist;
				LD_RUNPATH_SEARCH_PATHS = "$(inherited) @executable_path/Frameworks @loader_path/Frameworks";
				PRODUCT_BUNDLE_IDENTIFIER = com.abedoya.iOSTestAppUITests;
				PRODUCT_NAME = "$(TARGET_NAME)";
				TEST_TARGET_NAME = iOSTestApp;
				USES_XCTRUNNER = YES;
			};
			name = Debug;
		};
		843616851C5027BE00EA1189 /* Release */ = {
			isa = XCBuildConfiguration;
			buildSettings = {
				INFOPLIST_FILE = iOSTestAppUITests/Info.plist;
				LD_RUNPATH_SEARCH_PATHS = "$(inherited) @executable_path/Frameworks @loader_path/Frameworks";
				PRODUCT_BUNDLE_IDENTIFIER = com.abedoya.iOSTestAppUITests;
				PRODUCT_NAME = "$(TARGET_NAME)";
				TEST_TARGET_NAME = iOSTestApp;
				USES_XCTRUNNER = YES;
			};
			name = Release;
		};
/* End XCBuildConfiguration section */

/* Begin XCConfigurationList section */
		8436164B1C5027BE00EA1189 /* Build configuration list for PBXProject "iOSTestApp" */ = {
			isa = XCConfigurationList;
			buildConfigurations = (
				8436167B1C5027BE00EA1189 /* Debug */,
				8436167C1C5027BE00EA1189 /* Release */,
			);
			defaultConfigurationIsVisible = 0;
			defaultConfigurationName = Release;
		};
		8436167D1C5027BE00EA1189 /* Build configuration list for PBXNativeTarget "iOSTestApp" */ = {
			isa = XCConfigurationList;
			buildConfigurations = (
				8436167E1C5027BE00EA1189 /* Debug */,
				8436167F1C5027BE00EA1189 /* Release */,
			);
			defaultConfigurationIsVisible = 0;
			defaultConfigurationName = Release;
		};
		843616801C5027BE00EA1189 /* Build configuration list for PBXNativeTarget "iOSTestAppTests" */ = {
			isa = XCConfigurationList;
			buildConfigurations = (
				843616811C5027BE00EA1189 /* Debug */,
				843616821C5027BE00EA1189 /* Release */,
			);
			defaultConfigurationIsVisible = 0;
			defaultConfigurationName = Release;
		};
		843616831C5027BE00EA1189 /* Build configuration list for PBXNativeTarget "iOSTestAppUITests" */ = {
			isa = XCConfigurationList;
			buildConfigurations = (
				843616841C5027BE00EA1189 /* Debug */,
				843616851C5027BE00EA1189 /* Release */,
			);
			defaultConfigurationIsVisible = 0;
			defaultConfigurationName = Release;
		};
/* End XCConfigurationList section */
	};
	rootObject = 843616481C5027BE00EA1189 /* Project object */;
}
